// !$*UTF8*$!
{
	archiveVersion = 1;
	classes = {
	};
	objectVersion = 56;
	objects = {

/* Begin PBXBuildFile section */
		CE0457672C59D04300A3AD70 /* User.swift in Sources */ = {isa = PBXBuildFile; fileRef = CE0457662C59D04300A3AD70 /* User.swift */; };
		CE0457722C5B177E00A3AD70 /* GoogleService-Info.plist in Resources */ = {isa = PBXBuildFile; fileRef = CE0457712C5B177E00A3AD70 /* GoogleService-Info.plist */; };
		CE0457752C5B18D500A3AD70 /* FirebaseAnalytics in Frameworks */ = {isa = PBXBuildFile; productRef = CE0457742C5B18D500A3AD70 /* FirebaseAnalytics */; };
		CE04577F2C5CA88900A3AD70 /* FirebaseFunctionsService.swift in Sources */ = {isa = PBXBuildFile; fileRef = CE04577E2C5CA88900A3AD70 /* FirebaseFunctionsService.swift */; };
		CE0457882C5CAFAF00A3AD70 /* AppDIContainer.swift in Sources */ = {isa = PBXBuildFile; fileRef = CE0457872C5CAFAF00A3AD70 /* AppDIContainer.swift */; };
		CE04578B2C5CB11500A3AD70 /* FirebaseFunctions in Frameworks */ = {isa = PBXBuildFile; productRef = CE04578A2C5CB11500A3AD70 /* FirebaseFunctions */; };
		CE0457902C60949D00A3AD70 /* APIErrorHandler.swift in Sources */ = {isa = PBXBuildFile; fileRef = CE04578F2C60949D00A3AD70 /* APIErrorHandler.swift */; };
		CE0457922C6094AF00A3AD70 /* AlertPresenter.swift in Sources */ = {isa = PBXBuildFile; fileRef = CE0457912C6094AF00A3AD70 /* AlertPresenter.swift */; };
		CE0457942C61B47900A3AD70 /* FirebaseStorage in Frameworks */ = {isa = PBXBuildFile; productRef = CE0457932C61B47900A3AD70 /* FirebaseStorage */; };
		CE87B85B2C73116100988A4A /* Match.swift in Sources */ = {isa = PBXBuildFile; fileRef = CE87B85A2C73116100988A4A /* Match.swift */; };
		CE87B85D2C7311A500988A4A /* MatchSummaryCell.swift in Sources */ = {isa = PBXBuildFile; fileRef = CE87B85C2C7311A500988A4A /* MatchSummaryCell.swift */; };
		CEE1BBE52C537C9D005B90B7 /* UserSearchViewModel.swift in Sources */ = {isa = PBXBuildFile; fileRef = CEE1BBE42C537C9D005B90B7 /* UserSearchViewModel.swift */; };
		CEE1BBEA2C537FBD005B90B7 /* Kingfisher in Frameworks */ = {isa = PBXBuildFile; productRef = CEE1BBE92C537FBD005B90B7 /* Kingfisher */; };
		CEE25FC42C50CB0500053335 /* Assets.xcassets in Resources */ = {isa = PBXBuildFile; fileRef = CEE25FC32C50CB0500053335 /* Assets.xcassets */; };
		CEE25FC72C50CB0500053335 /* Base in Resources */ = {isa = PBXBuildFile; fileRef = CEE25FC62C50CB0500053335 /* Base */; };
		CEE25FF32C50CBA500053335 /* AppDelegate.swift in Sources */ = {isa = PBXBuildFile; fileRef = CEE25FD02C50CBA500053335 /* AppDelegate.swift */; };
		CEE25FF42C50CBA500053335 /* SceneDelegate.swift in Sources */ = {isa = PBXBuildFile; fileRef = CEE25FD12C50CBA500053335 /* SceneDelegate.swift */; };
		CEE25FF72C50CBA500053335 /* UserRepository.swift in Sources */ = {isa = PBXBuildFile; fileRef = CEE25FD62C50CBA500053335 /* UserRepository.swift */; };
		CEE25FF92C50CBA500053335 /* UserSearchUseCase.swift in Sources */ = {isa = PBXBuildFile; fileRef = CEE25FD92C50CBA500053335 /* UserSearchUseCase.swift */; };
		CEE25FFC2C50CBA500053335 /* UserSearchViewController.swift in Sources */ = {isa = PBXBuildFile; fileRef = CEE25FE02C50CBA500053335 /* UserSearchViewController.swift */; };
		CEE260072C50CBD300053335 /* RxCocoa in Frameworks */ = {isa = PBXBuildFile; productRef = CEE260062C50CBD300053335 /* RxCocoa */; };
		CEE260092C50CBD300053335 /* RxSwift in Frameworks */ = {isa = PBXBuildFile; productRef = CEE260082C50CBD300053335 /* RxSwift */; };
		CEF0F3782C61BBC300F5CBC6 /* UserInfoView.swift in Sources */ = {isa = PBXBuildFile; fileRef = CEF0F3772C61BBC300F5CBC6 /* UserInfoView.swift */; };
		CEF0F37A2C61BBD400F5CBC6 /* DivisionCardView.swift in Sources */ = {isa = PBXBuildFile; fileRef = CEF0F3792C61BBD400F5CBC6 /* DivisionCardView.swift */; };
/* End PBXBuildFile section */

/* Begin PBXFileReference section */
		CE0457662C59D04300A3AD70 /* User.swift */ = {isa = PBXFileReference; lastKnownFileType = sourcecode.swift; path = User.swift; sourceTree = "<group>"; };
		CE0457712C5B177E00A3AD70 /* GoogleService-Info.plist */ = {isa = PBXFileReference; fileEncoding = 4; lastKnownFileType = text.plist.xml; path = "GoogleService-Info.plist"; sourceTree = "<group>"; };
		CE04577E2C5CA88900A3AD70 /* FirebaseFunctionsService.swift */ = {isa = PBXFileReference; lastKnownFileType = sourcecode.swift; path = FirebaseFunctionsService.swift; sourceTree = "<group>"; };
		CE0457872C5CAFAF00A3AD70 /* AppDIContainer.swift */ = {isa = PBXFileReference; lastKnownFileType = sourcecode.swift; path = AppDIContainer.swift; sourceTree = "<group>"; };
		CE04578F2C60949D00A3AD70 /* APIErrorHandler.swift */ = {isa = PBXFileReference; lastKnownFileType = sourcecode.swift; path = APIErrorHandler.swift; sourceTree = "<group>"; };
		CE0457912C6094AF00A3AD70 /* AlertPresenter.swift */ = {isa = PBXFileReference; lastKnownFileType = sourcecode.swift; path = AlertPresenter.swift; sourceTree = "<group>"; };
		CE87B85A2C73116100988A4A /* Match.swift */ = {isa = PBXFileReference; lastKnownFileType = sourcecode.swift; path = Match.swift; sourceTree = "<group>"; };
		CE87B85C2C7311A500988A4A /* MatchSummaryCell.swift */ = {isa = PBXFileReference; lastKnownFileType = sourcecode.swift; path = MatchSummaryCell.swift; sourceTree = "<group>"; };
		CEE1BBE42C537C9D005B90B7 /* UserSearchViewModel.swift */ = {isa = PBXFileReference; lastKnownFileType = sourcecode.swift; path = UserSearchViewModel.swift; sourceTree = "<group>"; };
		CEE25FB72C50CB0300053335 /* FCGG.app */ = {isa = PBXFileReference; explicitFileType = wrapper.application; includeInIndex = 0; path = FCGG.app; sourceTree = BUILT_PRODUCTS_DIR; };
		CEE25FC32C50CB0500053335 /* Assets.xcassets */ = {isa = PBXFileReference; lastKnownFileType = folder.assetcatalog; path = Assets.xcassets; sourceTree = "<group>"; };
		CEE25FC62C50CB0500053335 /* Base */ = {isa = PBXFileReference; lastKnownFileType = file.storyboard; name = Base; path = Base.lproj/LaunchScreen.storyboard; sourceTree = "<group>"; };
		CEE25FC82C50CB0500053335 /* Info.plist */ = {isa = PBXFileReference; lastKnownFileType = text.plist.xml; path = Info.plist; sourceTree = "<group>"; };
		CEE25FD02C50CBA500053335 /* AppDelegate.swift */ = {isa = PBXFileReference; fileEncoding = 4; lastKnownFileType = sourcecode.swift; path = AppDelegate.swift; sourceTree = "<group>"; };
		CEE25FD12C50CBA500053335 /* SceneDelegate.swift */ = {isa = PBXFileReference; fileEncoding = 4; lastKnownFileType = sourcecode.swift; path = SceneDelegate.swift; sourceTree = "<group>"; };
		CEE25FD62C50CBA500053335 /* UserRepository.swift */ = {isa = PBXFileReference; fileEncoding = 4; lastKnownFileType = sourcecode.swift; path = UserRepository.swift; sourceTree = "<group>"; };
		CEE25FD92C50CBA500053335 /* UserSearchUseCase.swift */ = {isa = PBXFileReference; fileEncoding = 4; lastKnownFileType = sourcecode.swift; path = UserSearchUseCase.swift; sourceTree = "<group>"; };
		CEE25FE02C50CBA500053335 /* UserSearchViewController.swift */ = {isa = PBXFileReference; fileEncoding = 4; lastKnownFileType = sourcecode.swift; path = UserSearchViewController.swift; sourceTree = "<group>"; };
		CEF0F3772C61BBC300F5CBC6 /* UserInfoView.swift */ = {isa = PBXFileReference; lastKnownFileType = sourcecode.swift; path = UserInfoView.swift; sourceTree = "<group>"; };
		CEF0F3792C61BBD400F5CBC6 /* DivisionCardView.swift */ = {isa = PBXFileReference; lastKnownFileType = sourcecode.swift; path = DivisionCardView.swift; sourceTree = "<group>"; };
/* End PBXFileReference section */

/* Begin PBXFrameworksBuildPhase section */
		CEE25FB42C50CB0300053335 /* Frameworks */ = {
			isa = PBXFrameworksBuildPhase;
			buildActionMask = 2147483647;
			files = (
				CEE1BBEA2C537FBD005B90B7 /* Kingfisher in Frameworks */,
				CEE260092C50CBD300053335 /* RxSwift in Frameworks */,
				CE04578B2C5CB11500A3AD70 /* FirebaseFunctions in Frameworks */,
				CE0457752C5B18D500A3AD70 /* FirebaseAnalytics in Frameworks */,
				CEE260072C50CBD300053335 /* RxCocoa in Frameworks */,
				CE0457942C61B47900A3AD70 /* FirebaseStorage in Frameworks */,
			);
			runOnlyForDeploymentPostprocessing = 0;
		};
/* End PBXFrameworksBuildPhase section */

/* Begin PBXGroup section */
		CE0457892C5CB11500A3AD70 /* Frameworks */ = {
			isa = PBXGroup;
			children = (
			);
			name = Frameworks;
			sourceTree = "<group>";
		};
		CE04578E2C60947E00A3AD70 /* Utilities */ = {
			isa = PBXGroup;
			children = (
				CE04578F2C60949D00A3AD70 /* APIErrorHandler.swift */,
				CE0457912C6094AF00A3AD70 /* AlertPresenter.swift */,
			);
			path = Utilities;
			sourceTree = "<group>";
		};
		CEE25FAE2C50CB0200053335 = {
			isa = PBXGroup;
			children = (
				CEE25FB92C50CB0300053335 /* FCGG */,
				CEE25FB82C50CB0300053335 /* Products */,
				CE0457892C5CB11500A3AD70 /* Frameworks */,
			);
			sourceTree = "<group>";
		};
		CEE25FB82C50CB0300053335 /* Products */ = {
			isa = PBXGroup;
			children = (
				CEE25FB72C50CB0300053335 /* FCGG.app */,
			);
			name = Products;
			sourceTree = "<group>";
		};
		CEE25FB92C50CB0300053335 /* FCGG */ = {
			isa = PBXGroup;
			children = (
				CEE25FEB2C50CBA500053335 /* Presentation */,
				CEE25FDB2C50CBA500053335 /* Domain */,
				CEE25FF12C50CBA500053335 /* Data */,
				CE04578E2C60947E00A3AD70 /* Utilities */,
				CEE25FD22C50CBA500053335 /* App */,
				CEE25FC32C50CB0500053335 /* Assets.xcassets */,
				CEE25FC52C50CB0500053335 /* LaunchScreen.storyboard */,
				CEE25FC82C50CB0500053335 /* Info.plist */,
				CE0457712C5B177E00A3AD70 /* GoogleService-Info.plist */,
			);
			path = FCGG;
			sourceTree = "<group>";
		};
		CEE25FD22C50CBA500053335 /* App */ = {
			isa = PBXGroup;
			children = (
				CEE25FD02C50CBA500053335 /* AppDelegate.swift */,
				CEE25FD12C50CBA500053335 /* SceneDelegate.swift */,
				CE0457872C5CAFAF00A3AD70 /* AppDIContainer.swift */,
			);
			path = App;
			sourceTree = "<group>";
		};
		CEE25FD52C50CBA500053335 /* Entities */ = {
			isa = PBXGroup;
			children = (
				CE0457662C59D04300A3AD70 /* User.swift */,
				CE87B85A2C73116100988A4A /* Match.swift */,
			);
			path = Entities;
			sourceTree = "<group>";
		};
		CEE25FDA2C50CBA500053335 /* UseCases */ = {
			isa = PBXGroup;
			children = (
				CEE25FD92C50CBA500053335 /* UserSearchUseCase.swift */,
			);
			path = UseCases;
			sourceTree = "<group>";
		};
		CEE25FDB2C50CBA500053335 /* Domain */ = {
			isa = PBXGroup;
			children = (
				CEE25FD52C50CBA500053335 /* Entities */,
				CEE25FDA2C50CBA500053335 /* UseCases */,
			);
			path = Domain;
			sourceTree = "<group>";
		};
		CEE25FE12C50CBA500053335 /* UserSearch */ = {
			isa = PBXGroup;
			children = (
				CEE25FE02C50CBA500053335 /* UserSearchViewController.swift */,
				CEE1BBE42C537C9D005B90B7 /* UserSearchViewModel.swift */,
			);
			path = UserSearch;
			sourceTree = "<group>";
		};
		CEE25FEB2C50CBA500053335 /* Presentation */ = {
			isa = PBXGroup;
			children = (
				CEF0F3742C61BB9900F5CBC6 /* UserDetail */,
				CEE25FE12C50CBA500053335 /* UserSearch */,
			);
			path = Presentation;
			sourceTree = "<group>";
		};
		CEE25FEE2C50CBA500053335 /* DataSources */ = {
			isa = PBXGroup;
			children = (
				CE04577E2C5CA88900A3AD70 /* FirebaseFunctionsService.swift */,
			);
			path = DataSources;
			sourceTree = "<group>";
		};
		CEE25FF02C50CBA500053335 /* Repositories */ = {
			isa = PBXGroup;
			children = (
				CEE25FD62C50CBA500053335 /* UserRepository.swift */,
			);
			path = Repositories;
			sourceTree = "<group>";
		};
		CEE25FF12C50CBA500053335 /* Data */ = {
			isa = PBXGroup;
			children = (
				CEE25FF02C50CBA500053335 /* Repositories */,
				CEE25FEE2C50CBA500053335 /* DataSources */,
			);
			path = Data;
			sourceTree = "<group>";
		};
		CEF0F3742C61BB9900F5CBC6 /* UserDetail */ = {
			isa = PBXGroup;
			children = (
				CEF0F3772C61BBC300F5CBC6 /* UserInfoView.swift */,
				CEF0F3792C61BBD400F5CBC6 /* DivisionCardView.swift */,
				CE87B85C2C7311A500988A4A /* MatchSummaryCell.swift */,
			);
			path = UserDetail;
			sourceTree = "<group>";
		};
/* End PBXGroup section */

/* Begin PBXNativeTarget section */
		CEE25FB62C50CB0300053335 /* FCGG */ = {
			isa = PBXNativeTarget;
			buildConfigurationList = CEE25FCB2C50CB0500053335 /* Build configuration list for PBXNativeTarget "FCGG" */;
			buildPhases = (
				CEE25FB32C50CB0300053335 /* Sources */,
				CEE25FB42C50CB0300053335 /* Frameworks */,
				CEE25FB52C50CB0300053335 /* Resources */,
			);
			buildRules = (
			);
			dependencies = (
			);
			name = FCGG;
			packageProductDependencies = (
				CEE260062C50CBD300053335 /* RxCocoa */,
				CEE260082C50CBD300053335 /* RxSwift */,
				CEE1BBE92C537FBD005B90B7 /* Kingfisher */,
				CE0457742C5B18D500A3AD70 /* FirebaseAnalytics */,
				CE04578A2C5CB11500A3AD70 /* FirebaseFunctions */,
				CE0457932C61B47900A3AD70 /* FirebaseStorage */,
			);
			productName = FCGG;
			productReference = CEE25FB72C50CB0300053335 /* FCGG.app */;
			productType = "com.apple.product-type.application";
		};
/* End PBXNativeTarget section */

/* Begin PBXProject section */
		CEE25FAF2C50CB0200053335 /* Project object */ = {
			isa = PBXProject;
			attributes = {
				BuildIndependentTargetsInParallel = 1;
				LastSwiftUpdateCheck = 1540;
				LastUpgradeCheck = 1540;
				TargetAttributes = {
					CEE25FB62C50CB0300053335 = {
						CreatedOnToolsVersion = 15.4;
					};
				};
			};
			buildConfigurationList = CEE25FB22C50CB0200053335 /* Build configuration list for PBXProject "FCGG" */;
			compatibilityVersion = "Xcode 14.0";
			developmentRegion = en;
			hasScannedForEncodings = 0;
			knownRegions = (
				en,
				Base,
			);
			mainGroup = CEE25FAE2C50CB0200053335;
			packageReferences = (
				CEE260052C50CBD300053335 /* XCRemoteSwiftPackageReference "RxSwift" */,
				CEE1BBE82C537FBD005B90B7 /* XCRemoteSwiftPackageReference "Kingfisher" */,
				CE0457732C5B18D500A3AD70 /* XCRemoteSwiftPackageReference "firebase-ios-sdk" */,
			);
			productRefGroup = CEE25FB82C50CB0300053335 /* Products */;
			projectDirPath = "";
			projectRoot = "";
			targets = (
				CEE25FB62C50CB0300053335 /* FCGG */,
			);
		};
/* End PBXProject section */

/* Begin PBXResourcesBuildPhase section */
		CEE25FB52C50CB0300053335 /* Resources */ = {
			isa = PBXResourcesBuildPhase;
			buildActionMask = 2147483647;
			files = (
				CEE25FC42C50CB0500053335 /* Assets.xcassets in Resources */,
				CEE25FC72C50CB0500053335 /* Base in Resources */,
				CE0457722C5B177E00A3AD70 /* GoogleService-Info.plist in Resources */,
			);
			runOnlyForDeploymentPostprocessing = 0;
		};
/* End PBXResourcesBuildPhase section */

/* Begin PBXSourcesBuildPhase section */
		CEE25FB32C50CB0300053335 /* Sources */ = {
			isa = PBXSourcesBuildPhase;
			buildActionMask = 2147483647;
			files = (
				CE87B85D2C7311A500988A4A /* MatchSummaryCell.swift in Sources */,
				CEE25FFC2C50CBA500053335 /* UserSearchViewController.swift in Sources */,
				CEF0F3782C61BBC300F5CBC6 /* UserInfoView.swift in Sources */,
				CE87B85B2C73116100988A4A /* Match.swift in Sources */,
				CEE25FF72C50CBA500053335 /* UserRepository.swift in Sources */,
				CEE25FF92C50CBA500053335 /* UserSearchUseCase.swift in Sources */,
				CE04577F2C5CA88900A3AD70 /* FirebaseFunctionsService.swift in Sources */,
				CEF0F37A2C61BBD400F5CBC6 /* DivisionCardView.swift in Sources */,
				CEE25FF32C50CBA500053335 /* AppDelegate.swift in Sources */,
				CEE1BBE52C537C9D005B90B7 /* UserSearchViewModel.swift in Sources */,
				CEE25FF42C50CBA500053335 /* SceneDelegate.swift in Sources */,
				CE0457672C59D04300A3AD70 /* User.swift in Sources */,
				CE0457902C60949D00A3AD70 /* APIErrorHandler.swift in Sources */,
				CE0457882C5CAFAF00A3AD70 /* AppDIContainer.swift in Sources */,
				CE0457922C6094AF00A3AD70 /* AlertPresenter.swift in Sources */,
			);
			runOnlyForDeploymentPostprocessing = 0;
		};
/* End PBXSourcesBuildPhase section */

/* Begin PBXVariantGroup section */
		CEE25FC52C50CB0500053335 /* LaunchScreen.storyboard */ = {
			isa = PBXVariantGroup;
			children = (
				CEE25FC62C50CB0500053335 /* Base */,
			);
			name = LaunchScreen.storyboard;
			sourceTree = "<group>";
		};
/* End PBXVariantGroup section */

/* Begin XCBuildConfiguration section */
		CEE25FC92C50CB0500053335 /* Debug */ = {
			isa = XCBuildConfiguration;
			buildSettings = {
				ALWAYS_SEARCH_USER_PATHS = NO;
				ASSETCATALOG_COMPILER_GENERATE_SWIFT_ASSET_SYMBOL_EXTENSIONS = YES;
				CLANG_ANALYZER_NONNULL = YES;
				CLANG_ANALYZER_NUMBER_OBJECT_CONVERSION = YES_AGGRESSIVE;
				CLANG_CXX_LANGUAGE_STANDARD = "gnu++20";
				CLANG_ENABLE_MODULES = YES;
				CLANG_ENABLE_OBJC_ARC = YES;
				CLANG_ENABLE_OBJC_WEAK = YES;
				CLANG_WARN_BLOCK_CAPTURE_AUTORELEASING = YES;
				CLANG_WARN_BOOL_CONVERSION = YES;
				CLANG_WARN_COMMA = YES;
				CLANG_WARN_CONSTANT_CONVERSION = YES;
				CLANG_WARN_DEPRECATED_OBJC_IMPLEMENTATIONS = YES;
				CLANG_WARN_DIRECT_OBJC_ISA_USAGE = YES_ERROR;
				CLANG_WARN_DOCUMENTATION_COMMENTS = YES;
				CLANG_WARN_EMPTY_BODY = YES;
				CLANG_WARN_ENUM_CONVERSION = YES;
				CLANG_WARN_INFINITE_RECURSION = YES;
				CLANG_WARN_INT_CONVERSION = YES;
				CLANG_WARN_NON_LITERAL_NULL_CONVERSION = YES;
				CLANG_WARN_OBJC_IMPLICIT_RETAIN_SELF = YES;
				CLANG_WARN_OBJC_LITERAL_CONVERSION = YES;
				CLANG_WARN_OBJC_ROOT_CLASS = YES_ERROR;
				CLANG_WARN_QUOTED_INCLUDE_IN_FRAMEWORK_HEADER = YES;
				CLANG_WARN_RANGE_LOOP_ANALYSIS = YES;
				CLANG_WARN_STRICT_PROTOTYPES = YES;
				CLANG_WARN_SUSPICIOUS_MOVE = YES;
				CLANG_WARN_UNGUARDED_AVAILABILITY = YES_AGGRESSIVE;
				CLANG_WARN_UNREACHABLE_CODE = YES;
				CLANG_WARN__DUPLICATE_METHOD_MATCH = YES;
				COPY_PHASE_STRIP = NO;
				DEBUG_INFORMATION_FORMAT = dwarf;
				ENABLE_STRICT_OBJC_MSGSEND = YES;
				ENABLE_TESTABILITY = YES;
				ENABLE_USER_SCRIPT_SANDBOXING = YES;
				GCC_C_LANGUAGE_STANDARD = gnu17;
				GCC_DYNAMIC_NO_PIC = NO;
				GCC_NO_COMMON_BLOCKS = YES;
				GCC_OPTIMIZATION_LEVEL = 0;
				GCC_PREPROCESSOR_DEFINITIONS = (
					"DEBUG=1",
					"$(inherited)",
				);
				GCC_WARN_64_TO_32_BIT_CONVERSION = YES;
				GCC_WARN_ABOUT_RETURN_TYPE = YES_ERROR;
				GCC_WARN_UNDECLARED_SELECTOR = YES;
				GCC_WARN_UNINITIALIZED_AUTOS = YES_AGGRESSIVE;
				GCC_WARN_UNUSED_FUNCTION = YES;
				GCC_WARN_UNUSED_VARIABLE = YES;
				IPHONEOS_DEPLOYMENT_TARGET = 15.0;
				LOCALIZATION_PREFERS_STRING_CATALOGS = YES;
				MTL_ENABLE_DEBUG_INFO = INCLUDE_SOURCE;
				MTL_FAST_MATH = YES;
				ONLY_ACTIVE_ARCH = YES;
				SDKROOT = iphoneos;
				SWIFT_ACTIVE_COMPILATION_CONDITIONS = "DEBUG $(inherited)";
				SWIFT_OPTIMIZATION_LEVEL = "-Onone";
			};
			name = Debug;
		};
		CEE25FCA2C50CB0500053335 /* Release */ = {
			isa = XCBuildConfiguration;
			buildSettings = {
				ALWAYS_SEARCH_USER_PATHS = NO;
				ASSETCATALOG_COMPILER_GENERATE_SWIFT_ASSET_SYMBOL_EXTENSIONS = YES;
				CLANG_ANALYZER_NONNULL = YES;
				CLANG_ANALYZER_NUMBER_OBJECT_CONVERSION = YES_AGGRESSIVE;
				CLANG_CXX_LANGUAGE_STANDARD = "gnu++20";
				CLANG_ENABLE_MODULES = YES;
				CLANG_ENABLE_OBJC_ARC = YES;
				CLANG_ENABLE_OBJC_WEAK = YES;
				CLANG_WARN_BLOCK_CAPTURE_AUTORELEASING = YES;
				CLANG_WARN_BOOL_CONVERSION = YES;
				CLANG_WARN_COMMA = YES;
				CLANG_WARN_CONSTANT_CONVERSION = YES;
				CLANG_WARN_DEPRECATED_OBJC_IMPLEMENTATIONS = YES;
				CLANG_WARN_DIRECT_OBJC_ISA_USAGE = YES_ERROR;
				CLANG_WARN_DOCUMENTATION_COMMENTS = YES;
				CLANG_WARN_EMPTY_BODY = YES;
				CLANG_WARN_ENUM_CONVERSION = YES;
				CLANG_WARN_INFINITE_RECURSION = YES;
				CLANG_WARN_INT_CONVERSION = YES;
				CLANG_WARN_NON_LITERAL_NULL_CONVERSION = YES;
				CLANG_WARN_OBJC_IMPLICIT_RETAIN_SELF = YES;
				CLANG_WARN_OBJC_LITERAL_CONVERSION = YES;
				CLANG_WARN_OBJC_ROOT_CLASS = YES_ERROR;
				CLANG_WARN_QUOTED_INCLUDE_IN_FRAMEWORK_HEADER = YES;
				CLANG_WARN_RANGE_LOOP_ANALYSIS = YES;
				CLANG_WARN_STRICT_PROTOTYPES = YES;
				CLANG_WARN_SUSPICIOUS_MOVE = YES;
				CLANG_WARN_UNGUARDED_AVAILABILITY = YES_AGGRESSIVE;
				CLANG_WARN_UNREACHABLE_CODE = YES;
				CLANG_WARN__DUPLICATE_METHOD_MATCH = YES;
				COPY_PHASE_STRIP = NO;
				DEBUG_INFORMATION_FORMAT = "dwarf-with-dsym";
				ENABLE_NS_ASSERTIONS = NO;
				ENABLE_STRICT_OBJC_MSGSEND = YES;
				ENABLE_USER_SCRIPT_SANDBOXING = YES;
				GCC_C_LANGUAGE_STANDARD = gnu17;
				GCC_NO_COMMON_BLOCKS = YES;
				GCC_WARN_64_TO_32_BIT_CONVERSION = YES;
				GCC_WARN_ABOUT_RETURN_TYPE = YES_ERROR;
				GCC_WARN_UNDECLARED_SELECTOR = YES;
				GCC_WARN_UNINITIALIZED_AUTOS = YES_AGGRESSIVE;
				GCC_WARN_UNUSED_FUNCTION = YES;
				GCC_WARN_UNUSED_VARIABLE = YES;
				IPHONEOS_DEPLOYMENT_TARGET = 15.0;
				LOCALIZATION_PREFERS_STRING_CATALOGS = YES;
				MTL_ENABLE_DEBUG_INFO = NO;
				MTL_FAST_MATH = YES;
				SDKROOT = iphoneos;
				SWIFT_COMPILATION_MODE = wholemodule;
				VALIDATE_PRODUCT = YES;
			};
			name = Release;
		};
		CEE25FCC2C50CB0500053335 /* Debug */ = {
			isa = XCBuildConfiguration;
			buildSettings = {
				ASSETCATALOG_COMPILER_APPICON_NAME = AppIcon;
				ASSETCATALOG_COMPILER_GLOBAL_ACCENT_COLOR_NAME = AccentColor;
				CODE_SIGN_STYLE = Automatic;
				CURRENT_PROJECT_VERSION = 1;
				DEVELOPMENT_TEAM = XV38VT3FG5;
				GENERATE_INFOPLIST_FILE = YES;
				INFOPLIST_FILE = FCGG/Info.plist;
				INFOPLIST_KEY_UIApplicationSupportsIndirectInputEvents = YES;
				INFOPLIST_KEY_UILaunchStoryboardName = LaunchScreen;
				INFOPLIST_KEY_UIMainStoryboardFile = "";
				INFOPLIST_KEY_UISupportedInterfaceOrientations_iPad = "UIInterfaceOrientationPortrait UIInterfaceOrientationPortraitUpsideDown UIInterfaceOrientationLandscapeLeft UIInterfaceOrientationLandscapeRight";
				INFOPLIST_KEY_UISupportedInterfaceOrientations_iPhone = "UIInterfaceOrientationPortrait UIInterfaceOrientationLandscapeLeft UIInterfaceOrientationLandscapeRight";
				IPHONEOS_DEPLOYMENT_TARGET = 15.0;
				LD_RUNPATH_SEARCH_PATHS = (
					"$(inherited)",
					"@executable_path/Frameworks",
				);
				MARKETING_VERSION = 1.0;
				PRODUCT_BUNDLE_IDENTIFIER = com.zero.FCGG;
				PRODUCT_NAME = "$(TARGET_NAME)";
				SUPPORTED_PLATFORMS = "iphoneos iphonesimulator";
				SUPPORTS_MACCATALYST = NO;
				SUPPORTS_MAC_DESIGNED_FOR_IPHONE_IPAD = NO;
				SUPPORTS_XR_DESIGNED_FOR_IPHONE_IPAD = NO;
				SWIFT_EMIT_LOC_STRINGS = YES;
				SWIFT_VERSION = 5.0;
				TARGETED_DEVICE_FAMILY = 1;
			};
			name = Debug;
		};
		CEE25FCD2C50CB0500053335 /* Release */ = {
			isa = XCBuildConfiguration;
			buildSettings = {
				ASSETCATALOG_COMPILER_APPICON_NAME = AppIcon;
				ASSETCATALOG_COMPILER_GLOBAL_ACCENT_COLOR_NAME = AccentColor;
				CODE_SIGN_STYLE = Automatic;
				CURRENT_PROJECT_VERSION = 1;
				DEVELOPMENT_TEAM = XV38VT3FG5;
				GENERATE_INFOPLIST_FILE = YES;
				INFOPLIST_FILE = FCGG/Info.plist;
				INFOPLIST_KEY_UIApplicationSupportsIndirectInputEvents = YES;
				INFOPLIST_KEY_UILaunchStoryboardName = LaunchScreen;
				INFOPLIST_KEY_UIMainStoryboardFile = "";
				INFOPLIST_KEY_UISupportedInterfaceOrientations_iPad = "UIInterfaceOrientationPortrait UIInterfaceOrientationPortraitUpsideDown UIInterfaceOrientationLandscapeLeft UIInterfaceOrientationLandscapeRight";
				INFOPLIST_KEY_UISupportedInterfaceOrientations_iPhone = "UIInterfaceOrientationPortrait UIInterfaceOrientationLandscapeLeft UIInterfaceOrientationLandscapeRight";
				IPHONEOS_DEPLOYMENT_TARGET = 15.0;
				LD_RUNPATH_SEARCH_PATHS = (
					"$(inherited)",
					"@executable_path/Frameworks",
				);
				MARKETING_VERSION = 1.0;
				PRODUCT_BUNDLE_IDENTIFIER = com.zero.FCGG;
				PRODUCT_NAME = "$(TARGET_NAME)";
				SUPPORTED_PLATFORMS = "iphoneos iphonesimulator";
				SUPPORTS_MACCATALYST = NO;
				SUPPORTS_MAC_DESIGNED_FOR_IPHONE_IPAD = NO;
				SUPPORTS_XR_DESIGNED_FOR_IPHONE_IPAD = NO;
				SWIFT_EMIT_LOC_STRINGS = YES;
				SWIFT_VERSION = 5.0;
				TARGETED_DEVICE_FAMILY = 1;
			};
			name = Release;
		};
/* End XCBuildConfiguration section */

/* Begin XCConfigurationList section */
		CEE25FB22C50CB0200053335 /* Build configuration list for PBXProject "FCGG" */ = {
			isa = XCConfigurationList;
			buildConfigurations = (
				CEE25FC92C50CB0500053335 /* Debug */,
				CEE25FCA2C50CB0500053335 /* Release */,
			);
			defaultConfigurationIsVisible = 0;
			defaultConfigurationName = Release;
		};
		CEE25FCB2C50CB0500053335 /* Build configuration list for PBXNativeTarget "FCGG" */ = {
			isa = XCConfigurationList;
			buildConfigurations = (
				CEE25FCC2C50CB0500053335 /* Debug */,
				CEE25FCD2C50CB0500053335 /* Release */,
			);
			defaultConfigurationIsVisible = 0;
			defaultConfigurationName = Release;
		};
/* End XCConfigurationList section */

/* Begin XCRemoteSwiftPackageReference section */
		CE0457732C5B18D500A3AD70 /* XCRemoteSwiftPackageReference "firebase-ios-sdk" */ = {
			isa = XCRemoteSwiftPackageReference;
			repositoryURL = "https://github.com/firebase/firebase-ios-sdk";
			requirement = {
				kind = upToNextMajorVersion;
				minimumVersion = 11.0.0;
			};
		};
		CEE1BBE82C537FBD005B90B7 /* XCRemoteSwiftPackageReference "Kingfisher" */ = {
			isa = XCRemoteSwiftPackageReference;
			repositoryURL = "https://github.com/onevcat/Kingfisher.git";
			requirement = {
				kind = upToNextMajorVersion;
				minimumVersion = 7.12.0;
			};
		};
		CEE260052C50CBD300053335 /* XCRemoteSwiftPackageReference "RxSwift" */ = {
			isa = XCRemoteSwiftPackageReference;
			repositoryURL = "https://github.com/ReactiveX/RxSwift.git";
			requirement = {
				kind = upToNextMajorVersion;
				minimumVersion = 6.7.1;
			};
		};
/* End XCRemoteSwiftPackageReference section */

/* Begin XCSwiftPackageProductDependency section */
		CE0457742C5B18D500A3AD70 /* FirebaseAnalytics */ = {
			isa = XCSwiftPackageProductDependency;
			package = CE0457732C5B18D500A3AD70 /* XCRemoteSwiftPackageReference "firebase-ios-sdk" */;
			productName = FirebaseAnalytics;
		};
		CE04578A2C5CB11500A3AD70 /* FirebaseFunctions */ = {
			isa = XCSwiftPackageProductDependency;
			package = CE0457732C5B18D500A3AD70 /* XCRemoteSwiftPackageReference "firebase-ios-sdk" */;
			productName = FirebaseFunctions;
		};
		CE0457932C61B47900A3AD70 /* FirebaseStorage */ = {
			isa = XCSwiftPackageProductDependency;
			package = CE0457732C5B18D500A3AD70 /* XCRemoteSwiftPackageReference "firebase-ios-sdk" */;
			productName = FirebaseStorage;
		};
		CEE1BBE92C537FBD005B90B7 /* Kingfisher */ = {
			isa = XCSwiftPackageProductDependency;
			package = CEE1BBE82C537FBD005B90B7 /* XCRemoteSwiftPackageReference "Kingfisher" */;
			productName = Kingfisher;
		};
		CEE260062C50CBD300053335 /* RxCocoa */ = {
			isa = XCSwiftPackageProductDependency;
			package = CEE260052C50CBD300053335 /* XCRemoteSwiftPackageReference "RxSwift" */;
			productName = RxCocoa;
		};
		CEE260082C50CBD300053335 /* RxSwift */ = {
			isa = XCSwiftPackageProductDependency;
			package = CEE260052C50CBD300053335 /* XCRemoteSwiftPackageReference "RxSwift" */;
			productName = RxSwift;
		};
/* End XCSwiftPackageProductDependency section */
	};
	rootObject = CEE25FAF2C50CB0200053335 /* Project object */;
}
